
Microsoft Visual Studio Solution File, Format Version 12.00
# Visual Studio Version 16
VisualStudioVersion = 16.0.29201.188
MinimumVisualStudioVersion = 10.0.40219.1
Project("{FAE04EC0-301F-11D3-BF4B-00C04F79EFBC}") = "Exerc-Classes-Produto", "Exerc-Classes-Produto\Exerc-Classes-Produto.csproj", "{D03E4DA9-FBF0-4F3F-B824-9E081D3FEA41}"
EndProject
Global
	GlobalSection(SolutionConfigurationPlatforms) = preSolution
		Debug|Any CPU = Debug|Any CPU
		Release|Any CPU = Release|Any CPU
	EndGlobalSection
	GlobalSection(ProjectConfigurationPlatforms) = postSolution
		{D03E4DA9-FBF0-4F3F-B824-9E081D3FEA41}.Debug|Any CPU.ActiveCfg = Debug|Any CPU
		{D03E4DA9-FBF0-4F3F-B824-9E081D3FEA41}.Debug|Any CPU.Build.0 = Debug|Any CPU
		{D03E4DA9-FBF0-4F3F-B824-9E081D3FEA41}.Release|Any CPU.ActiveCfg = Release|Any CPU
		{D03E4DA9-FBF0-4F3F-B824-9E081D3FEA41}.Release|Any CPU.Build.0 = Release|Any CPU
	EndGlobalSection
	GlobalSection(SolutionProperties) = preSolution
		HideSolutionNode = FALSE
	EndGlobalSection
	GlobalSection(ExtensibilityGlobals) = postSolution
		SolutionGuid = {6A8CE51B-029D-4A56-897D-C15F38ECC4C5}
	EndGlobalSection
EndGlobal
