
Microsoft Visual Studio Solution File, Format Version 12.00
# Visual Studio Version 16
VisualStudioVersion = 16.0.29201.188
MinimumVisualStudioVersion = 10.0.40219.1
Project("{FAE04EC0-301F-11D3-BF4B-00C04F79EFBC}") = "Exerc2-While", "Exerc2-While\Exerc2-While.csproj", "{0A3C8579-9974-4328-9E27-53ABECE98D14}"
EndProject
Global
	GlobalSection(SolutionConfigurationPlatforms) = preSolution
		Debug|Any CPU = Debug|Any CPU
		Release|Any CPU = Release|Any CPU
	EndGlobalSection
	GlobalSection(ProjectConfigurationPlatforms) = postSolution
		{0A3C8579-9974-4328-9E27-53ABECE98D14}.Debug|Any CPU.ActiveCfg = Debug|Any CPU
		{0A3C8579-9974-4328-9E27-53ABECE98D14}.Debug|Any CPU.Build.0 = Debug|Any CPU
		{0A3C8579-9974-4328-9E27-53ABECE98D14}.Release|Any CPU.ActiveCfg = Release|Any CPU
		{0A3C8579-9974-4328-9E27-53ABECE98D14}.Release|Any CPU.Build.0 = Release|Any CPU
	EndGlobalSection
	GlobalSection(SolutionProperties) = preSolution
		HideSolutionNode = FALSE
	EndGlobalSection
	GlobalSection(ExtensibilityGlobals) = postSolution
		SolutionGuid = {C033B144-F8BE-45AA-97D2-893DC1FA139E}
	EndGlobalSection
EndGlobal
