
Microsoft Visual Studio Solution File, Format Version 12.00
# Visual Studio Version 16
VisualStudioVersion = 16.0.29201.188
MinimumVisualStudioVersion = 10.0.40219.1
Project("{FAE04EC0-301F-11D3-BF4B-00C04F79EFBC}") = "Exerc1-Classes", "Exerc1-Classes\Exerc1-Classes.csproj", "{00DD2C37-E9AB-42B5-AC14-00E596120883}"
EndProject
Global
	GlobalSection(SolutionConfigurationPlatforms) = preSolution
		Debug|Any CPU = Debug|Any CPU
		Release|Any CPU = Release|Any CPU
	EndGlobalSection
	GlobalSection(ProjectConfigurationPlatforms) = postSolution
		{00DD2C37-E9AB-42B5-AC14-00E596120883}.Debug|Any CPU.ActiveCfg = Debug|Any CPU
		{00DD2C37-E9AB-42B5-AC14-00E596120883}.Debug|Any CPU.Build.0 = Debug|Any CPU
		{00DD2C37-E9AB-42B5-AC14-00E596120883}.Release|Any CPU.ActiveCfg = Release|Any CPU
		{00DD2C37-E9AB-42B5-AC14-00E596120883}.Release|Any CPU.Build.0 = Release|Any CPU
	EndGlobalSection
	GlobalSection(SolutionProperties) = preSolution
		HideSolutionNode = FALSE
	EndGlobalSection
	GlobalSection(ExtensibilityGlobals) = postSolution
		SolutionGuid = {9FECFF2D-C3AF-4835-9F32-4949E6E31E14}
	EndGlobalSection
EndGlobal
